{
  "lockfileVersion": 0,
  "workspaces": {
    "": {
      "name": "vanilla-virtualized",
      "dependencies": {
        "virtua": "git@github.com:aabccd021/virtua.git#74d552d9ff43f93b4529787a359fc6f73e3bd62b",
      },
      "devDependencies": {
        "@playwright/test": "1.47.2",
        "@types/bun": "latest",
      },
    },
  },
  "packages": {
    "@playwright/test": ["@playwright/test@1.47.2", "", { "dependencies": { "playwright": "1.47.2" }, "bin": { "playwright": "cli.js" } }, "sha512-jTXRsoSPONAs8Za9QEQdyjFn+0ZQFjCiIztAIF6bi1HqhBzG9Ma7g1WotyiGqFSBRZjIEqMdT8RUlbk1QVhzCQ=="],

    "@types/bun": ["@types/bun@1.1.16", "", { "dependencies": { "bun-types": "1.1.43" } }, "sha512-E+ue6NMcn4FXC5bDRE1W/BXUVs01h5Mt02qH8/8HGCox9akuh8KNOFdwvaQS9TDgT2RmUyJYFRRqA60WtTnm2g=="],

    "@types/node": ["@types/node@20.12.14", "", { "dependencies": { "undici-types": "~5.26.4" } }, "sha512-scnD59RpYD91xngrQQLGkE+6UrHUPzeKZWhhjBSa3HSkwjbQc38+q3RoIVEwxQGRw3M+j5hpNAM+lgV3cVormg=="],

    "@types/ws": ["@types/ws@8.5.13", "", { "dependencies": { "@types/node": "*" } }, "sha512-osM/gWBTPKgHV8XkTunnegTRIsvF6owmf5w+JtAfOw472dptdm0dlGv4xCt6GwQRcC2XVOvvRE/0bAoQcL2QkA=="],

    "bun-types": ["bun-types@1.1.43", "", { "dependencies": { "@types/node": "~20.12.8", "@types/ws": "~8.5.10" } }, "sha512-W0wCtVH+bwFp7p3Zgs03CqxEDmXxEvmmUM/FBKgWIv9T8gyeotvIjIbHzuDScc2DphhRNtr7hJLCR5PspYL5qw=="],

    "fsevents": ["fsevents@2.3.2", "", { "os": "darwin" }, "sha512-xiqMQR4xAeHTuB9uWm+fFRcIOgKBMiOBP+eXiyT7jsgVCq1bkVygt00oASowB7EdtpOHaaPgKt812P9ab+DDKA=="],

    "playwright": ["playwright@1.47.2", "", { "dependencies": { "playwright-core": "1.47.2" }, "optionalDependencies": { "fsevents": "2.3.2" }, "bin": { "playwright": "cli.js" } }, "sha512-nx1cLMmQWqmA3UsnjaaokyoUpdVaaDhJhMoxX2qj3McpjnsqFHs516QAKYhqHAgOP+oCFTEOCOAaD1RgD/RQfA=="],

    "playwright-core": ["playwright-core@1.47.2", "", { "bin": { "playwright-core": "cli.js" } }, "sha512-3JvMfF+9LJfe16l7AbSmU555PaTl2tPyQsVInqm3id16pdDfvZ8TTZ/pyzmkbDrZTQefyzU7AIHlZqQnxpqHVQ=="],

    "undici-types": ["undici-types@5.26.5", "", {}, "sha512-JlCMO+ehdEIKqlFxk6IfVoAUVmgz7cU7zD/h9XZ0qzeosSHmUJVOzSQvvYSYWXkFXC+IfLKSIffhv0sVZup6pA=="],

    "virtua": ["virtua@git+ssh://git@github.com:aabccd021/virtua.git#74d552d9ff43f93b4529787a359fc6f73e3bd62b", { "peerDependencies": { "react": ">=16.14.0", "react-dom": ">=16.14.0", "solid-js": ">=1.0", "svelte": ">=5.0", "vue": ">=3.2" }, "optionalPeers": ["react", "react-dom", "solid-js", "svelte", "vue"] }, "74d552d9ff43f93b4529787a359fc6f73e3bd62b"],
  }
}
